
Microsoft Visual Studio Solution File, Format Version 12.00
# Visual Studio 14
VisualStudioVersion = 14.0.25420.1
MinimumVisualStudioVersion = 10.0.40219.1
Project("{2150E333-8FDC-42A3-9474-1A3956D46DE8}") = "Engine", "Engine", "{A787B491-96E7-4E15-A05D-D994B5F2728B}"
EndProject
Project("{2150E333-8FDC-42A3-9474-1A3956D46DE8}") = "Games", "Games", "{6849B49D-9DCC-4911-80D8-FC46AFC8D04C}"
EndProject
Project("{8BC9CEB8-8B4A-11D0-8D11-00A0C91BC942}") = "UE4", "Intermediate\ProjectFiles\UE4.vcxproj", "{91329362-2D85-4FE6-9784-2D462FCE316C}"
EndProject
Project("{8BC9CEB8-8B4A-11D0-8D11-00A0C91BC942}") = "BuildingEscape", "Intermediate\ProjectFiles\BuildingEscape.vcxproj", "{3C2860A2-1081-4D04-BA67-7D70781A4FA2}"
EndProject
Global
	GlobalSection(SolutionConfigurationPlatforms) = preSolution
		DebugGame Editor|Win32 = DebugGame Editor|Win32
		DebugGame Editor|Win64 = DebugGame Editor|Win64
		DebugGame|Win32 = DebugGame|Win32
		DebugGame|Win64 = DebugGame|Win64
		Development Editor|Win32 = Development Editor|Win32
		Development Editor|Win64 = Development Editor|Win64
		Development|Win32 = Development|Win32
		Development|Win64 = Development|Win64
		Shipping|Win32 = Shipping|Win32
		Shipping|Win64 = Shipping|Win64
	EndGlobalSection
	GlobalSection(ProjectConfigurationPlatforms) = postSolution
		{91329362-2D85-4FE6-9784-2D462FCE316C}.DebugGame Editor|Win32.ActiveCfg = BuiltWithUnrealBuildTool|Win32
		{91329362-2D85-4FE6-9784-2D462FCE316C}.DebugGame Editor|Win32.Build.0 = BuiltWithUnrealBuildTool|Win32
		{91329362-2D85-4FE6-9784-2D462FCE316C}.DebugGame Editor|Win64.ActiveCfg = BuiltWithUnrealBuildTool|Win32
		{91329362-2D85-4FE6-9784-2D462FCE316C}.DebugGame Editor|Win64.Build.0 = BuiltWithUnrealBuildTool|Win32
		{91329362-2D85-4FE6-9784-2D462FCE316C}.DebugGame|Win32.ActiveCfg = BuiltWithUnrealBuildTool|Win32
		{91329362-2D85-4FE6-9784-2D462FCE316C}.DebugGame|Win32.Build.0 = BuiltWithUnrealBuildTool|Win32
		{91329362-2D85-4FE6-9784-2D462FCE316C}.DebugGame|Win64.ActiveCfg = BuiltWithUnrealBuildTool|Win32
		{91329362-2D85-4FE6-9784-2D462FCE316C}.DebugGame|Win64.Build.0 = BuiltWithUnrealBuildTool|Win32
		{91329362-2D85-4FE6-9784-2D462FCE316C}.Development Editor|Win32.ActiveCfg = BuiltWithUnrealBuildTool|Win32
		{91329362-2D85-4FE6-9784-2D462FCE316C}.Development Editor|Win32.Build.0 = BuiltWithUnrealBuildTool|Win32
		{91329362-2D85-4FE6-9784-2D462FCE316C}.Development Editor|Win64.ActiveCfg = BuiltWithUnrealBuildTool|Win32
		{91329362-2D85-4FE6-9784-2D462FCE316C}.Development Editor|Win64.Build.0 = BuiltWithUnrealBuildTool|Win32
		{91329362-2D85-4FE6-9784-2D462FCE316C}.Development|Win32.ActiveCfg = BuiltWithUnrealBuildTool|Win32
		{91329362-2D85-4FE6-9784-2D462FCE316C}.Development|Win32.Build.0 = BuiltWithUnrealBuildTool|Win32
		{91329362-2D85-4FE6-9784-2D462FCE316C}.Development|Win64.ActiveCfg = BuiltWithUnrealBuildTool|Win32
		{91329362-2D85-4FE6-9784-2D462FCE316C}.Development|Win64.Build.0 = BuiltWithUnrealBuildTool|Win32
		{91329362-2D85-4FE6-9784-2D462FCE316C}.Shipping|Win32.ActiveCfg = BuiltWithUnrealBuildTool|Win32
		{91329362-2D85-4FE6-9784-2D462FCE316C}.Shipping|Win32.Build.0 = BuiltWithUnrealBuildTool|Win32
		{91329362-2D85-4FE6-9784-2D462FCE316C}.Shipping|Win64.ActiveCfg = BuiltWithUnrealBuildTool|Win32
		{91329362-2D85-4FE6-9784-2D462FCE316C}.Shipping|Win64.Build.0 = BuiltWithUnrealBuildTool|Win32
		{3C2860A2-1081-4D04-BA67-7D70781A4FA2}.DebugGame Editor|Win32.ActiveCfg = DebugGame_Editor|Win32
		{3C2860A2-1081-4D04-BA67-7D70781A4FA2}.DebugGame Editor|Win64.ActiveCfg = DebugGame_Editor|x64
		{3C2860A2-1081-4D04-BA67-7D70781A4FA2}.DebugGame Editor|Win64.Build.0 = DebugGame_Editor|x64
		{3C2860A2-1081-4D04-BA67-7D70781A4FA2}.DebugGame|Win32.ActiveCfg = DebugGame_Game|Win32
		{3C2860A2-1081-4D04-BA67-7D70781A4FA2}.DebugGame|Win32.Build.0 = DebugGame_Game|Win32
		{3C2860A2-1081-4D04-BA67-7D70781A4FA2}.DebugGame|Win64.ActiveCfg = DebugGame_Game|x64
		{3C2860A2-1081-4D04-BA67-7D70781A4FA2}.DebugGame|Win64.Build.0 = DebugGame_Game|x64
		{3C2860A2-1081-4D04-BA67-7D70781A4FA2}.Development Editor|Win32.ActiveCfg = Development_Editor|Win32
		{3C2860A2-1081-4D04-BA67-7D70781A4FA2}.Development Editor|Win64.ActiveCfg = Development_Editor|x64
		{3C2860A2-1081-4D04-BA67-7D70781A4FA2}.Development Editor|Win64.Build.0 = Development_Editor|x64
		{3C2860A2-1081-4D04-BA67-7D70781A4FA2}.Development|Win32.ActiveCfg = Development_Game|Win32
		{3C2860A2-1081-4D04-BA67-7D70781A4FA2}.Development|Win32.Build.0 = Development_Game|Win32
		{3C2860A2-1081-4D04-BA67-7D70781A4FA2}.Development|Win64.ActiveCfg = Development_Game|x64
		{3C2860A2-1081-4D04-BA67-7D70781A4FA2}.Development|Win64.Build.0 = Development_Game|x64
		{3C2860A2-1081-4D04-BA67-7D70781A4FA2}.Shipping|Win32.ActiveCfg = Shipping_Game|Win32
		{3C2860A2-1081-4D04-BA67-7D70781A4FA2}.Shipping|Win32.Build.0 = Shipping_Game|Win32
		{3C2860A2-1081-4D04-BA67-7D70781A4FA2}.Shipping|Win64.ActiveCfg = Shipping_Game|x64
		{3C2860A2-1081-4D04-BA67-7D70781A4FA2}.Shipping|Win64.Build.0 = Shipping_Game|x64
	EndGlobalSection
	GlobalSection(SolutionProperties) = preSolution
		HideSolutionNode = FALSE
	EndGlobalSection
	GlobalSection(NestedProjects) = preSolution
		{91329362-2D85-4FE6-9784-2D462FCE316C} = {A787B491-96E7-4E15-A05D-D994B5F2728B}
		{3C2860A2-1081-4D04-BA67-7D70781A4FA2} = {6849B49D-9DCC-4911-80D8-FC46AFC8D04C}
	EndGlobalSection
EndGlobal
